
Microsoft Visual Studio Solution File, Format Version 12.00
# Visual Studio Version 16
VisualStudioVersion = 16.0.33027.164
MinimumVisualStudioVersion = 10.0.40219.1
Project("{FAE04EC0-301F-11D3-BF4B-00C04F79EFBC}") = "poe_prog", "poe_prog\poe_prog.csproj", "{135FD672-0E84-4A41-B748-ED007A500EAC}"
EndProject
Global
	GlobalSection(SolutionConfigurationPlatforms) = preSolution
		Debug|Any CPU = Debug|Any CPU
		Release|Any CPU = Release|Any CPU
	EndGlobalSection
	GlobalSection(ProjectConfigurationPlatforms) = postSolution
		{135FD672-0E84-4A41-B748-ED007A500EAC}.Debug|Any CPU.ActiveCfg = Debug|Any CPU
		{135FD672-0E84-4A41-B748-ED007A500EAC}.Debug|Any CPU.Build.0 = Debug|Any CPU
		{135FD672-0E84-4A41-B748-ED007A500EAC}.Release|Any CPU.ActiveCfg = Release|Any CPU
		{135FD672-0E84-4A41-B748-ED007A500EAC}.Release|Any CPU.Build.0 = Release|Any CPU
	EndGlobalSection
	GlobalSection(SolutionProperties) = preSolution
		HideSolutionNode = FALSE
	EndGlobalSection
	GlobalSection(ExtensibilityGlobals) = postSolution
		SolutionGuid = {1EACE538-472E-4445-B5A7-85376385E5BF}
	EndGlobalSection
EndGlobal
